
Microsoft Visual Studio Solution File, Format Version 12.00
# Visual Studio 2012
Project("{FAE04EC0-301F-11D3-BF4B-00C04F79EFBC}") = "Shoperella.Droid", "Droid\Shoperella.Droid.csproj", "{F7904355-C81D-4A44-819B-5E102758625F}"
EndProject
Project("{FAE04EC0-301F-11D3-BF4B-00C04F79EFBC}") = "Shoperella.iOS", "iOS\Shoperella.iOS.csproj", "{EECE03C6-ADC6-4B79-B6D9-F5D44AF8A73B}"
EndProject
Project("{D954291E-2A0B-460D-934E-DC6B0785DB48}") = "Shoperella", "Shoperella.shproj", "{82E3DBF8-E490-4E44-A183-E487004C822E}"
EndProject
Global
	GlobalSection(SolutionConfigurationPlatforms) = preSolution
		Debug|Any CPU = Debug|Any CPU
		Release|Any CPU = Release|Any CPU
		Debug|iPhoneSimulator = Debug|iPhoneSimulator
		Release|iPhone = Release|iPhone
		Release|iPhoneSimulator = Release|iPhoneSimulator
		Debug|iPhone = Debug|iPhone
	EndGlobalSection
	GlobalSection(ProjectConfigurationPlatforms) = postSolution
		{F7904355-C81D-4A44-819B-5E102758625F}.Debug|Any CPU.ActiveCfg = Debug|Any CPU
		{F7904355-C81D-4A44-819B-5E102758625F}.Debug|Any CPU.Build.0 = Debug|Any CPU
		{F7904355-C81D-4A44-819B-5E102758625F}.Release|Any CPU.ActiveCfg = Release|Any CPU
		{F7904355-C81D-4A44-819B-5E102758625F}.Release|Any CPU.Build.0 = Release|Any CPU
		{F7904355-C81D-4A44-819B-5E102758625F}.Debug|iPhoneSimulator.ActiveCfg = Debug|Any CPU
		{F7904355-C81D-4A44-819B-5E102758625F}.Debug|iPhoneSimulator.Build.0 = Debug|Any CPU
		{F7904355-C81D-4A44-819B-5E102758625F}.Release|iPhone.ActiveCfg = Release|Any CPU
		{F7904355-C81D-4A44-819B-5E102758625F}.Release|iPhone.Build.0 = Release|Any CPU
		{F7904355-C81D-4A44-819B-5E102758625F}.Release|iPhoneSimulator.ActiveCfg = Release|Any CPU
		{F7904355-C81D-4A44-819B-5E102758625F}.Release|iPhoneSimulator.Build.0 = Release|Any CPU
		{F7904355-C81D-4A44-819B-5E102758625F}.Debug|iPhone.ActiveCfg = Debug|Any CPU
		{F7904355-C81D-4A44-819B-5E102758625F}.Debug|iPhone.Build.0 = Debug|Any CPU
		{EECE03C6-ADC6-4B79-B6D9-F5D44AF8A73B}.Debug|Any CPU.ActiveCfg = Debug|iPhoneSimulator
		{EECE03C6-ADC6-4B79-B6D9-F5D44AF8A73B}.Debug|Any CPU.Build.0 = Debug|iPhoneSimulator
		{EECE03C6-ADC6-4B79-B6D9-F5D44AF8A73B}.Release|Any CPU.ActiveCfg = Release|iPhone
		{EECE03C6-ADC6-4B79-B6D9-F5D44AF8A73B}.Release|Any CPU.Build.0 = Release|iPhone
		{EECE03C6-ADC6-4B79-B6D9-F5D44AF8A73B}.Debug|iPhoneSimulator.ActiveCfg = Debug|iPhoneSimulator
		{EECE03C6-ADC6-4B79-B6D9-F5D44AF8A73B}.Debug|iPhoneSimulator.Build.0 = Debug|iPhoneSimulator
		{EECE03C6-ADC6-4B79-B6D9-F5D44AF8A73B}.Release|iPhone.ActiveCfg = Release|iPhone
		{EECE03C6-ADC6-4B79-B6D9-F5D44AF8A73B}.Release|iPhone.Build.0 = Release|iPhone
		{EECE03C6-ADC6-4B79-B6D9-F5D44AF8A73B}.Release|iPhoneSimulator.ActiveCfg = Release|iPhoneSimulator
		{EECE03C6-ADC6-4B79-B6D9-F5D44AF8A73B}.Release|iPhoneSimulator.Build.0 = Release|iPhoneSimulator
		{EECE03C6-ADC6-4B79-B6D9-F5D44AF8A73B}.Debug|iPhone.ActiveCfg = Debug|iPhone
		{EECE03C6-ADC6-4B79-B6D9-F5D44AF8A73B}.Debug|iPhone.Build.0 = Debug|iPhone
	EndGlobalSection
EndGlobal
